// !$*UTF8*$!
{
	archiveVersion = 1;
	classes = {
	};
	objectVersion = 46;
	objects = {

/* Begin PBXBuildFile section */
		C74CEDD41D797D4D00B5E704 /* spreadsheet_for_timeLine.xlsx in Resources */ = {isa = PBXBuildFile; fileRef = C74CEDD31D797D4D00B5E704 /* spreadsheet_for_timeLine.xlsx */; };
		C74D79881D6EF18400624286 /* BBRDefenseViewController.m in Sources */ = {isa = PBXBuildFile; fileRef = C74D79871D6EF18400624286 /* BBRDefenseViewController.m */; };
		C74F48421C9D0A7000EB3BB0 /* libz.tbd in Frameworks */ = {isa = PBXBuildFile; fileRef = C74F48411C9D0A7000EB3BB0 /* libz.tbd */; };
		C75BA2AD1D70AB8600DEC1BF /* spreadsheet_for_defense.xlsx in Resources */ = {isa = PBXBuildFile; fileRef = C75BA2AC1D70AB8600DEC1BF /* spreadsheet_for_defense.xlsx */; };
		C768630D1CBCA730005074F3 /* BBRDropboxCheckViewController.m in Sources */ = {isa = PBXBuildFile; fileRef = C768630C1CBCA730005074F3 /* BBRDropboxCheckViewController.m */; };
		C7746DC91CBE25D50034F621 /* spreadsheet_for_offense.xlsx in Resources */ = {isa = PBXBuildFile; fileRef = C7746DC81CBE25D50034F621 /* spreadsheet_for_offense.xlsx */; };
		C7AB3CE81C7F5E2600DA23A6 /* leftArrow.png in Resources */ = {isa = PBXBuildFile; fileRef = C7AB3CE41C7F5E2600DA23A6 /* leftArrow.png */; };
		C7AB3CEA1C7F5E2600DA23A6 /* rightArrow.png in Resources */ = {isa = PBXBuildFile; fileRef = C7AB3CE61C7F5E2600DA23A6 /* rightArrow.png */; };
		C7AB3CEC1C82B10D00DA23A6 /* tmp.plist in Resources */ = {isa = PBXBuildFile; fileRef = C7AB3CEB1C82B10D00DA23A6 /* tmp.plist */; };
		C7AB3D4B1C84835600DA23A6 /* BBRMenuViewController.m in Sources */ = {isa = PBXBuildFile; fileRef = C7AB3D4A1C84835600DA23A6 /* BBRMenuViewController.m */; };
		C7AB3D4D1C85909D00DA23A6 /* record.plist in Resources */ = {isa = PBXBuildFile; fileRef = C7AB3D4C1C85909D00DA23A6 /* record.plist */; };
		C7CC36EA1C7AF17900B97149 /* main.m in Sources */ = {isa = PBXBuildFile; fileRef = C7CC36E91C7AF17900B97149 /* main.m */; };
		C7CC36ED1C7AF17900B97149 /* AppDelegate.m in Sources */ = {isa = PBXBuildFile; fileRef = C7CC36EC1C7AF17900B97149 /* AppDelegate.m */; };
		C7CC36F01C7AF17900B97149 /* BBRLogViewController.m in Sources */ = {isa = PBXBuildFile; fileRef = C7CC36EF1C7AF17900B97149 /* BBRLogViewController.m */; };
		C7CC36F31C7AF17900B97149 /* Main.storyboard in Resources */ = {isa = PBXBuildFile; fileRef = C7CC36F11C7AF17900B97149 /* Main.storyboard */; };
		C7CC36F51C7AF17900B97149 /* Assets.xcassets in Resources */ = {isa = PBXBuildFile; fileRef = C7CC36F41C7AF17900B97149 /* Assets.xcassets */; };
		C7CC36F81C7AF17900B97149 /* LaunchScreen.storyboard in Resources */ = {isa = PBXBuildFile; fileRef = C7CC36F61C7AF17900B97149 /* LaunchScreen.storyboard */; };
		C7CC37031C7AF17900B97149 /* basketBallRecorderTests.m in Sources */ = {isa = PBXBuildFile; fileRef = C7CC37021C7AF17900B97149 /* basketBallRecorderTests.m */; };
		C7CC370E1C7AF17900B97149 /* basketBallRecorderUITests.m in Sources */ = {isa = PBXBuildFile; fileRef = C7CC370D1C7AF17900B97149 /* basketBallRecorderUITests.m */; };
		C7CC37221C7AFA5900B97149 /* BBRTableViewCell.m in Sources */ = {isa = PBXBuildFile; fileRef = C7CC37211C7AFA5900B97149 /* BBRTableViewCell.m */; };
		C7CC37251C7B4B8F00B97149 /* BBROffenseViewController.m in Sources */ = {isa = PBXBuildFile; fileRef = C7CC37241C7B4B8F00B97149 /* BBROffenseViewController.m */; };
		C7CC37321C7B7F1600B97149 /* zone1.png in Resources */ = {isa = PBXBuildFile; fileRef = C7CC37271C7B7F1600B97149 /* zone1.png */; };
		C7CC37331C7B7F1600B97149 /* zone10.png in Resources */ = {isa = PBXBuildFile; fileRef = C7CC37281C7B7F1600B97149 /* zone10.png */; };
		C7CC37341C7B7F1600B97149 /* zone11.png in Resources */ = {isa = PBXBuildFile; fileRef = C7CC37291C7B7F1600B97149 /* zone11.png */; };
		C7CC37351C7B7F1600B97149 /* zone2.png in Resources */ = {isa = PBXBuildFile; fileRef = C7CC372A1C7B7F1600B97149 /* zone2.png */; };
		C7CC37361C7B7F1600B97149 /* zone3.png in Resources */ = {isa = PBXBuildFile; fileRef = C7CC372B1C7B7F1600B97149 /* zone3.png */; };
		C7CC37371C7B7F1600B97149 /* zone4.png in Resources */ = {isa = PBXBuildFile; fileRef = C7CC372C1C7B7F1600B97149 /* zone4.png */; };
		C7CC37381C7B7F1600B97149 /* zone5.png in Resources */ = {isa = PBXBuildFile; fileRef = C7CC372D1C7B7F1600B97149 /* zone5.png */; };
		C7CC37391C7B7F1600B97149 /* zone6.png in Resources */ = {isa = PBXBuildFile; fileRef = C7CC372E1C7B7F1600B97149 /* zone6.png */; };
		C7CC373A1C7B7F1600B97149 /* zone7.png in Resources */ = {isa = PBXBuildFile; fileRef = C7CC372F1C7B7F1600B97149 /* zone7.png */; };
		C7CC373B1C7B7F1600B97149 /* zone8.png in Resources */ = {isa = PBXBuildFile; fileRef = C7CC37301C7B7F1600B97149 /* zone8.png */; };
		C7CC373C1C7B7F1600B97149 /* zone9.png in Resources */ = {isa = PBXBuildFile; fileRef = C7CC37311C7B7F1600B97149 /* zone9.png */; };
		C7CFD9921C9DA98700DA7157 /* libXlsxReaderWriter.a in Frameworks */ = {isa = PBXBuildFile; fileRef = C7CFD98D1C9DA97D00DA7157 /* libXlsxReaderWriter.a */; };
		C7CFDA0E1C9E48E800DA7157 /* DropboxSDK.framework in Frameworks */ = {isa = PBXBuildFile; fileRef = C7CFDA0D1C9E48E800DA7157 /* DropboxSDK.framework */; };
		C7CFDA101C9E495100DA7157 /* QuartzCore.framework in Frameworks */ = {isa = PBXBuildFile; fileRef = C7CFDA0F1C9E495100DA7157 /* QuartzCore.framework */; };
		C7CFDA121C9E495A00DA7157 /* Security.framework in Frameworks */ = {isa = PBXBuildFile; fileRef = C7CFDA111C9E495A00DA7157 /* Security.framework */; };
		C7F5524B1C7B8320005CB9EC /* background.jpg in Resources */ = {isa = PBXBuildFile; fileRef = C7F5524A1C7B8320005CB9EC /* background.jpg */; };
		C7F5524E1C7C48BD005CB9EC /* zone1-2.png in Resources */ = {isa = PBXBuildFile; fileRef = C7F5524C1C7C48BD005CB9EC /* zone1-2.png */; };
		C7F5524F1C7C48BD005CB9EC /* zone2-2.png in Resources */ = {isa = PBXBuildFile; fileRef = C7F5524D1C7C48BD005CB9EC /* zone2-2.png */; };
		C7F552591C7C5066005CB9EC /* zone3-2.png in Resources */ = {isa = PBXBuildFile; fileRef = C7F552501C7C5066005CB9EC /* zone3-2.png */; };
		C7F5525A1C7C5066005CB9EC /* zone4-2.png in Resources */ = {isa = PBXBuildFile; fileRef = C7F552511C7C5066005CB9EC /* zone4-2.png */; };
		C7F5525B1C7C5066005CB9EC /* zone5-2.png in Resources */ = {isa = PBXBuildFile; fileRef = C7F552521C7C5066005CB9EC /* zone5-2.png */; };
		C7F5525C1C7C5066005CB9EC /* zone6-2.png in Resources */ = {isa = PBXBuildFile; fileRef = C7F552531C7C5066005CB9EC /* zone6-2.png */; };
		C7F5525D1C7C5066005CB9EC /* zone7-2.png in Resources */ = {isa = PBXBuildFile; fileRef = C7F552541C7C5066005CB9EC /* zone7-2.png */; };
		C7F5525E1C7C5066005CB9EC /* zone8-2.png in Resources */ = {isa = PBXBuildFile; fileRef = C7F552551C7C5066005CB9EC /* zone8-2.png */; };
		C7F5525F1C7C5066005CB9EC /* zone9-2.png in Resources */ = {isa = PBXBuildFile; fileRef = C7F552561C7C5066005CB9EC /* zone9-2.png */; };
		C7F552601C7C5066005CB9EC /* zone10-2.png in Resources */ = {isa = PBXBuildFile; fileRef = C7F552571C7C5066005CB9EC /* zone10-2.png */; };
		C7F552611C7C5066005CB9EC /* zone11-2.png in Resources */ = {isa = PBXBuildFile; fileRef = C7F552581C7C5066005CB9EC /* zone11-2.png */; };
/* End PBXBuildFile section */

/* Begin PBXContainerItemProxy section */
		C7CC36FF1C7AF17900B97149 /* PBXContainerItemProxy */ = {
			isa = PBXContainerItemProxy;
			containerPortal = C7CC36DD1C7AF17900B97149 /* Project object */;
			proxyType = 1;
			remoteGlobalIDString = C7CC36E41C7AF17900B97149;
			remoteInfo = basketBallRecorder;
		};
		C7CC370A1C7AF17900B97149 /* PBXContainerItemProxy */ = {
			isa = PBXContainerItemProxy;
			containerPortal = C7CC36DD1C7AF17900B97149 /* Project object */;
			proxyType = 1;
			remoteGlobalIDString = C7CC36E41C7AF17900B97149;
			remoteInfo = basketBallRecorder;
		};
		C7CFD98C1C9DA97D00DA7157 /* PBXContainerItemProxy */ = {
			isa = PBXContainerItemProxy;
			containerPortal = C7CFD9851C9DA97D00DA7157 /* XlsxReaderWriter.xcodeproj */;
			proxyType = 2;
			remoteGlobalIDString = 45B6E23A1A148F7500288A78;
			remoteInfo = XlsxReaderWriter;
		};
		C7CFD98E1C9DA97D00DA7157 /* PBXContainerItemProxy */ = {
			isa = PBXContainerItemProxy;
			containerPortal = C7CFD9851C9DA97D00DA7157 /* XlsxReaderWriter.xcodeproj */;
			proxyType = 2;
			remoteGlobalIDString = 45B6E2451A148F7500288A78;
			remoteInfo = XlsxReaderWriterTests;
		};
		C7CFD9901C9DA97D00DA7157 /* PBXContainerItemProxy */ = {
			isa = PBXContainerItemProxy;
			containerPortal = C7CFD9851C9DA97D00DA7157 /* XlsxReaderWriter.xcodeproj */;
			proxyType = 2;
			remoteGlobalIDString = 22156D581C46B42500BB5779;
			remoteInfo = "XlsxReaderWriter Mac";
		};
		C7CFD9931C9DA98E00DA7157 /* PBXContainerItemProxy */ = {
			isa = PBXContainerItemProxy;
			containerPortal = C7CFD9851C9DA97D00DA7157 /* XlsxReaderWriter.xcodeproj */;
			proxyType = 1;
			remoteGlobalIDString = 45B6E2391A148F7500288A78;
			remoteInfo = XlsxReaderWriter;
		};
/* End PBXContainerItemProxy section */

/* Begin PBXFileReference section */
		C74CEDD31D797D4D00B5E704 /* spreadsheet_for_timeLine.xlsx */ = {isa = PBXFileReference; lastKnownFileType = file; path = spreadsheet_for_timeLine.xlsx; sourceTree = "<group>"; };
		C74D79861D6EF18400624286 /* BBRDefenseViewController.h */ = {isa = PBXFileReference; fileEncoding = 4; lastKnownFileType = sourcecode.c.h; path = BBRDefenseViewController.h; sourceTree = "<group>"; };
		C74D79871D6EF18400624286 /* BBRDefenseViewController.m */ = {isa = PBXFileReference; fileEncoding = 4; lastKnownFileType = sourcecode.c.objc; path = BBRDefenseViewController.m; sourceTree = "<group>"; };
		C74D79891D6EF32400624286 /* BBRMacro.h */ = {isa = PBXFileReference; lastKnownFileType = sourcecode.c.h; path = BBRMacro.h; sourceTree = "<group>"; };
		C74F48411C9D0A7000EB3BB0 /* libz.tbd */ = {isa = PBXFileReference; lastKnownFileType = "sourcecode.text-based-dylib-definition"; name = libz.tbd; path = usr/lib/libz.tbd; sourceTree = SDKROOT; };
		C75BA2AC1D70AB8600DEC1BF /* spreadsheet_for_defense.xlsx */ = {isa = PBXFileReference; lastKnownFileType = file; path = spreadsheet_for_defense.xlsx; sourceTree = "<group>"; };
		C768630B1CBCA730005074F3 /* BBRDropboxCheckViewController.h */ = {isa = PBXFileReference; fileEncoding = 4; lastKnownFileType = sourcecode.c.h; path = BBRDropboxCheckViewController.h; sourceTree = "<group>"; };
		C768630C1CBCA730005074F3 /* BBRDropboxCheckViewController.m */ = {isa = PBXFileReference; fileEncoding = 4; lastKnownFileType = sourcecode.c.objc; path = BBRDropboxCheckViewController.m; sourceTree = "<group>"; };
		C7746DC81CBE25D50034F621 /* spreadsheet_for_offense.xlsx */ = {isa = PBXFileReference; lastKnownFileType = file; path = spreadsheet_for_offense.xlsx; sourceTree = "<group>"; };
		C7AB3CE41C7F5E2600DA23A6 /* leftArrow.png */ = {isa = PBXFileReference; lastKnownFileType = image.png; path = leftArrow.png; sourceTree = "<group>"; };
		C7AB3CE61C7F5E2600DA23A6 /* rightArrow.png */ = {isa = PBXFileReference; lastKnownFileType = image.png; path = rightArrow.png; sourceTree = "<group>"; };
		C7AB3CEB1C82B10D00DA23A6 /* tmp.plist */ = {isa = PBXFileReference; fileEncoding = 4; lastKnownFileType = text.plist.xml; path = tmp.plist; sourceTree = "<group>"; };
		C7AB3D491C84835600DA23A6 /* BBRMenuViewController.h */ = {isa = PBXFileReference; fileEncoding = 4; lastKnownFileType = sourcecode.c.h; path = BBRMenuViewController.h; sourceTree = "<group>"; };
		C7AB3D4A1C84835600DA23A6 /* BBRMenuViewController.m */ = {isa = PBXFileReference; fileEncoding = 4; lastKnownFileType = sourcecode.c.objc; path = BBRMenuViewController.m; sourceTree = "<group>"; };
		C7AB3D4C1C85909D00DA23A6 /* record.plist */ = {isa = PBXFileReference; fileEncoding = 4; lastKnownFileType = text.plist.xml; path = record.plist; sourceTree = "<group>"; };
		C7CC36E51C7AF17900B97149 /* basketBallRecorder.app */ = {isa = PBXFileReference; explicitFileType = wrapper.application; includeInIndex = 0; path = basketBallRecorder.app; sourceTree = BUILT_PRODUCTS_DIR; };
		C7CC36E91C7AF17900B97149 /* main.m */ = {isa = PBXFileReference; lastKnownFileType = sourcecode.c.objc; path = main.m; sourceTree = "<group>"; };
		C7CC36EB1C7AF17900B97149 /* AppDelegate.h */ = {isa = PBXFileReference; lastKnownFileType = sourcecode.c.h; path = AppDelegate.h; sourceTree = "<group>"; };
		C7CC36EC1C7AF17900B97149 /* AppDelegate.m */ = {isa = PBXFileReference; lastKnownFileType = sourcecode.c.objc; path = AppDelegate.m; sourceTree = "<group>"; };
		C7CC36EE1C7AF17900B97149 /* BBRLogViewController.h */ = {isa = PBXFileReference; lastKnownFileType = sourcecode.c.h; path = BBRLogViewController.h; sourceTree = "<group>"; };
		C7CC36EF1C7AF17900B97149 /* BBRLogViewController.m */ = {isa = PBXFileReference; lastKnownFileType = sourcecode.c.objc; path = BBRLogViewController.m; sourceTree = "<group>"; };
		C7CC36F21C7AF17900B97149 /* Base */ = {isa = PBXFileReference; lastKnownFileType = file.storyboard; name = Base; path = Base.lproj/Main.storyboard; sourceTree = "<group>"; };
		C7CC36F41C7AF17900B97149 /* Assets.xcassets */ = {isa = PBXFileReference; lastKnownFileType = folder.assetcatalog; path = Assets.xcassets; sourceTree = "<group>"; };
		C7CC36F71C7AF17900B97149 /* Base */ = {isa = PBXFileReference; lastKnownFileType = file.storyboard; name = Base; path = Base.lproj/LaunchScreen.storyboard; sourceTree = "<group>"; };
		C7CC36F91C7AF17900B97149 /* Info.plist */ = {isa = PBXFileReference; lastKnownFileType = text.plist.xml; path = Info.plist; sourceTree = "<group>"; };
		C7CC36FE1C7AF17900B97149 /* basketBallRecorderTests.xctest */ = {isa = PBXFileReference; explicitFileType = wrapper.cfbundle; includeInIndex = 0; path = basketBallRecorderTests.xctest; sourceTree = BUILT_PRODUCTS_DIR; };
		C7CC37021C7AF17900B97149 /* basketBallRecorderTests.m */ = {isa = PBXFileReference; lastKnownFileType = sourcecode.c.objc; path = basketBallRecorderTests.m; sourceTree = "<group>"; };
		C7CC37041C7AF17900B97149 /* Info.plist */ = {isa = PBXFileReference; lastKnownFileType = text.plist.xml; path = Info.plist; sourceTree = "<group>"; };
		C7CC37091C7AF17900B97149 /* basketBallRecorderUITests.xctest */ = {isa = PBXFileReference; explicitFileType = wrapper.cfbundle; includeInIndex = 0; path = basketBallRecorderUITests.xctest; sourceTree = BUILT_PRODUCTS_DIR; };
		C7CC370D1C7AF17900B97149 /* basketBallRecorderUITests.m */ = {isa = PBXFileReference; lastKnownFileType = sourcecode.c.objc; path = basketBallRecorderUITests.m; sourceTree = "<group>"; };
		C7CC370F1C7AF17900B97149 /* Info.plist */ = {isa = PBXFileReference; lastKnownFileType = text.plist.xml; path = Info.plist; sourceTree = "<group>"; };
		C7CC37201C7AFA5900B97149 /* BBRTableViewCell.h */ = {isa = PBXFileReference; fileEncoding = 4; lastKnownFileType = sourcecode.c.h; path = BBRTableViewCell.h; sourceTree = "<group>"; };
		C7CC37211C7AFA5900B97149 /* BBRTableViewCell.m */ = {isa = PBXFileReference; fileEncoding = 4; lastKnownFileType = sourcecode.c.objc; path = BBRTableViewCell.m; sourceTree = "<group>"; };
		C7CC37231C7B4B8F00B97149 /* BBROffenseViewController.h */ = {isa = PBXFileReference; fileEncoding = 4; lastKnownFileType = sourcecode.c.h; path = BBROffenseViewController.h; sourceTree = "<group>"; };
		C7CC37241C7B4B8F00B97149 /* BBROffenseViewController.m */ = {isa = PBXFileReference; fileEncoding = 4; lastKnownFileType = sourcecode.c.objc; path = BBROffenseViewController.m; sourceTree = "<group>"; };
		C7CC37271C7B7F1600B97149 /* zone1.png */ = {isa = PBXFileReference; lastKnownFileType = image.png; path = zone1.png; sourceTree = "<group>"; };
		C7CC37281C7B7F1600B97149 /* zone10.png */ = {isa = PBXFileReference; lastKnownFileType = image.png; path = zone10.png; sourceTree = "<group>"; };
		C7CC37291C7B7F1600B97149 /* zone11.png */ = {isa = PBXFileReference; lastKnownFileType = image.png; path = zone11.png; sourceTree = "<group>"; };
		C7CC372A1C7B7F1600B97149 /* zone2.png */ = {isa = PBXFileReference; lastKnownFileType = image.png; path = zone2.png; sourceTree = "<group>"; };
		C7CC372B1C7B7F1600B97149 /* zone3.png */ = {isa = PBXFileReference; lastKnownFileType = image.png; path = zone3.png; sourceTree = "<group>"; };
		C7CC372C1C7B7F1600B97149 /* zone4.png */ = {isa = PBXFileReference; lastKnownFileType = image.png; path = zone4.png; sourceTree = "<group>"; };
		C7CC372D1C7B7F1600B97149 /* zone5.png */ = {isa = PBXFileReference; lastKnownFileType = image.png; path = zone5.png; sourceTree = "<group>"; };
		C7CC372E1C7B7F1600B97149 /* zone6.png */ = {isa = PBXFileReference; lastKnownFileType = image.png; path = zone6.png; sourceTree = "<group>"; };
		C7CC372F1C7B7F1600B97149 /* zone7.png */ = {isa = PBXFileReference; lastKnownFileType = image.png; path = zone7.png; sourceTree = "<group>"; };
		C7CC37301C7B7F1600B97149 /* zone8.png */ = {isa = PBXFileReference; lastKnownFileType = image.png; path = zone8.png; sourceTree = "<group>"; };
		C7CC37311C7B7F1600B97149 /* zone9.png */ = {isa = PBXFileReference; lastKnownFileType = image.png; path = zone9.png; sourceTree = "<group>"; };
		C7CFD9851C9DA97D00DA7157 /* XlsxReaderWriter.xcodeproj */ = {isa = PBXFileReference; lastKnownFileType = "wrapper.pb-project"; name = XlsxReaderWriter.xcodeproj; path = XlsxReaderWriter/XlsxReaderWriter.xcodeproj; sourceTree = "<group>"; };
		C7CFDA0D1C9E48E800DA7157 /* DropboxSDK.framework */ = {isa = PBXFileReference; lastKnownFileType = wrapper.framework; name = DropboxSDK.framework; path = "dropbox-ios-sdk-1.3.13/DropboxSDK.framework"; sourceTree = "<group>"; };
		C7CFDA0F1C9E495100DA7157 /* QuartzCore.framework */ = {isa = PBXFileReference; lastKnownFileType = wrapper.framework; name = QuartzCore.framework; path = System/Library/Frameworks/QuartzCore.framework; sourceTree = SDKROOT; };
		C7CFDA111C9E495A00DA7157 /* Security.framework */ = {isa = PBXFileReference; lastKnownFileType = wrapper.framework; name = Security.framework; path = System/Library/Frameworks/Security.framework; sourceTree = SDKROOT; };
		C7F5524A1C7B8320005CB9EC /* background.jpg */ = {isa = PBXFileReference; lastKnownFileType = image.jpeg; path = background.jpg; sourceTree = "<group>"; };
		C7F5524C1C7C48BD005CB9EC /* zone1-2.png */ = {isa = PBXFileReference; lastKnownFileType = image.png; path = "zone1-2.png"; sourceTree = "<group>"; };
		C7F5524D1C7C48BD005CB9EC /* zone2-2.png */ = {isa = PBXFileReference; lastKnownFileType = image.png; path = "zone2-2.png"; sourceTree = "<group>"; };
		C7F552501C7C5066005CB9EC /* zone3-2.png */ = {isa = PBXFileReference; lastKnownFileType = image.png; path = "zone3-2.png"; sourceTree = "<group>"; };
		C7F552511C7C5066005CB9EC /* zone4-2.png */ = {isa = PBXFileReference; lastKnownFileType = image.png; path = "zone4-2.png"; sourceTree = "<group>"; };
		C7F552521C7C5066005CB9EC /* zone5-2.png */ = {isa = PBXFileReference; lastKnownFileType = image.png; path = "zone5-2.png"; sourceTree = "<group>"; };
		C7F552531C7C5066005CB9EC /* zone6-2.png */ = {isa = PBXFileReference; lastKnownFileType = image.png; path = "zone6-2.png"; sourceTree = "<group>"; };
		C7F552541C7C5066005CB9EC /* zone7-2.png */ = {isa = PBXFileReference; lastKnownFileType = image.png; path = "zone7-2.png"; sourceTree = "<group>"; };
		C7F552551C7C5066005CB9EC /* zone8-2.png */ = {isa = PBXFileReference; lastKnownFileType = image.png; path = "zone8-2.png"; sourceTree = "<group>"; };
		C7F552561C7C5066005CB9EC /* zone9-2.png */ = {isa = PBXFileReference; lastKnownFileType = image.png; path = "zone9-2.png"; sourceTree = "<group>"; };
		C7F552571C7C5066005CB9EC /* zone10-2.png */ = {isa = PBXFileReference; lastKnownFileType = image.png; path = "zone10-2.png"; sourceTree = "<group>"; };
		C7F552581C7C5066005CB9EC /* zone11-2.png */ = {isa = PBXFileReference; lastKnownFileType = image.png; path = "zone11-2.png"; sourceTree = "<group>"; };
/* End PBXFileReference section */

/* Begin PBXFrameworksBuildPhase section */
		C7CC36E21C7AF17900B97149 /* Frameworks */ = {
			isa = PBXFrameworksBuildPhase;
			buildActionMask = 2147483647;
			files = (
				C7CFDA121C9E495A00DA7157 /* Security.framework in Frameworks */,
				C7CFDA101C9E495100DA7157 /* QuartzCore.framework in Frameworks */,
				C7CFDA0E1C9E48E800DA7157 /* DropboxSDK.framework in Frameworks */,
				C7CFD9921C9DA98700DA7157 /* libXlsxReaderWriter.a in Frameworks */,
				C74F48421C9D0A7000EB3BB0 /* libz.tbd in Frameworks */,
			);
			runOnlyForDeploymentPostprocessing = 0;
		};
		C7CC36FB1C7AF17900B97149 /* Frameworks */ = {
			isa = PBXFrameworksBuildPhase;
			buildActionMask = 2147483647;
			files = (
			);
			runOnlyForDeploymentPostprocessing = 0;
		};
		C7CC37061C7AF17900B97149 /* Frameworks */ = {
			isa = PBXFrameworksBuildPhase;
			buildActionMask = 2147483647;
			files = (
			);
			runOnlyForDeploymentPostprocessing = 0;
		};
/* End PBXFrameworksBuildPhase section */

/* Begin PBXGroup section */
		C7CC36DC1C7AF17900B97149 = {
			isa = PBXGroup;
			children = (
				C7CC36E71C7AF17900B97149 /* basketBallRecorder */,
				C7CFDA131C9E496200DA7157 /* framework */,
				C7CC37261C7B7F1600B97149 /* image */,
				C7CC37011C7AF17900B97149 /* basketBallRecorderTests */,
				C7CC370C1C7AF17900B97149 /* basketBallRecorderUITests */,
				C7CC36E61C7AF17900B97149 /* Products */,
				C74F48411C9D0A7000EB3BB0 /* libz.tbd */,
				C7CFD9851C9DA97D00DA7157 /* XlsxReaderWriter.xcodeproj */,
			);
			sourceTree = "<group>";
		};
		C7CC36E61C7AF17900B97149 /* Products */ = {
			isa = PBXGroup;
			children = (
				C7CC36E51C7AF17900B97149 /* basketBallRecorder.app */,
				C7CC36FE1C7AF17900B97149 /* basketBallRecorderTests.xctest */,
				C7CC37091C7AF17900B97149 /* basketBallRecorderUITests.xctest */,
			);
			name = Products;
			sourceTree = "<group>";
		};
		C7CC36E71C7AF17900B97149 /* basketBallRecorder */ = {
			isa = PBXGroup;
			children = (
				C74CEDD31D797D4D00B5E704 /* spreadsheet_for_timeLine.xlsx */,
				C75BA2AC1D70AB8600DEC1BF /* spreadsheet_for_defense.xlsx */,
				C7746DC81CBE25D50034F621 /* spreadsheet_for_offense.xlsx */,
				C7CC36EB1C7AF17900B97149 /* AppDelegate.h */,
				C7CC36EC1C7AF17900B97149 /* AppDelegate.m */,
				C74D79891D6EF32400624286 /* BBRMacro.h */,
				C768630B1CBCA730005074F3 /* BBRDropboxCheckViewController.h */,
				C768630C1CBCA730005074F3 /* BBRDropboxCheckViewController.m */,
				C7AB3D491C84835600DA23A6 /* BBRMenuViewController.h */,
				C7AB3D4A1C84835600DA23A6 /* BBRMenuViewController.m */,
				C7CC36EE1C7AF17900B97149 /* BBRLogViewController.h */,
				C7CC36EF1C7AF17900B97149 /* BBRLogViewController.m */,
				C7CC37231C7B4B8F00B97149 /* BBROffenseViewController.h */,
				C7CC37241C7B4B8F00B97149 /* BBROffenseViewController.m */,
				C74D79861D6EF18400624286 /* BBRDefenseViewController.h */,
				C74D79871D6EF18400624286 /* BBRDefenseViewController.m */,
				C7CC37201C7AFA5900B97149 /* BBRTableViewCell.h */,
				C7CC37211C7AFA5900B97149 /* BBRTableViewCell.m */,
				C7CC36F11C7AF17900B97149 /* Main.storyboard */,
				C7CC36F41C7AF17900B97149 /* Assets.xcassets */,
				C7CC36F61C7AF17900B97149 /* LaunchScreen.storyboard */,
				C7CC36F91C7AF17900B97149 /* Info.plist */,
				C7AB3CEB1C82B10D00DA23A6 /* tmp.plist */,
				C7AB3D4C1C85909D00DA23A6 /* record.plist */,
				C7CC36E81C7AF17900B97149 /* Supporting Files */,
			);
			path = basketBallRecorder;
			sourceTree = "<group>";
		};
		C7CC36E81C7AF17900B97149 /* Supporting Files */ = {
			isa = PBXGroup;
			children = (
				C7CC36E91C7AF17900B97149 /* main.m */,
			);
			name = "Supporting Files";
			sourceTree = "<group>";
		};
		C7CC37011C7AF17900B97149 /* basketBallRecorderTests */ = {
			isa = PBXGroup;
			children = (
				C7CC37021C7AF17900B97149 /* basketBallRecorderTests.m */,
				C7CC37041C7AF17900B97149 /* Info.plist */,
			);
			path = basketBallRecorderTests;
			sourceTree = "<group>";
		};
		C7CC370C1C7AF17900B97149 /* basketBallRecorderUITests */ = {
			isa = PBXGroup;
			children = (
				C7CC370D1C7AF17900B97149 /* basketBallRecorderUITests.m */,
				C7CC370F1C7AF17900B97149 /* Info.plist */,
			);
			path = basketBallRecorderUITests;
			sourceTree = "<group>";
		};
		C7CC37261C7B7F1600B97149 /* image */ = {
			isa = PBXGroup;
			children = (
				C7AB3CE41C7F5E2600DA23A6 /* leftArrow.png */,
				C7AB3CE61C7F5E2600DA23A6 /* rightArrow.png */,
				C7F552501C7C5066005CB9EC /* zone3-2.png */,
				C7F552511C7C5066005CB9EC /* zone4-2.png */,
				C7F552521C7C5066005CB9EC /* zone5-2.png */,
				C7F552531C7C5066005CB9EC /* zone6-2.png */,
				C7F552541C7C5066005CB9EC /* zone7-2.png */,
				C7F552551C7C5066005CB9EC /* zone8-2.png */,
				C7F552561C7C5066005CB9EC /* zone9-2.png */,
				C7F552571C7C5066005CB9EC /* zone10-2.png */,
				C7F552581C7C5066005CB9EC /* zone11-2.png */,
				C7F5524C1C7C48BD005CB9EC /* zone1-2.png */,
				C7F5524D1C7C48BD005CB9EC /* zone2-2.png */,
				C7F5524A1C7B8320005CB9EC /* background.jpg */,
				C7CC37271C7B7F1600B97149 /* zone1.png */,
				C7CC37281C7B7F1600B97149 /* zone10.png */,
				C7CC37291C7B7F1600B97149 /* zone11.png */,
				C7CC372A1C7B7F1600B97149 /* zone2.png */,
				C7CC372B1C7B7F1600B97149 /* zone3.png */,
				C7CC372C1C7B7F1600B97149 /* zone4.png */,
				C7CC372D1C7B7F1600B97149 /* zone5.png */,
				C7CC372E1C7B7F1600B97149 /* zone6.png */,
				C7CC372F1C7B7F1600B97149 /* zone7.png */,
				C7CC37301C7B7F1600B97149 /* zone8.png */,
				C7CC37311C7B7F1600B97149 /* zone9.png */,
			);
			name = image;
			path = basketBallRecorder/image;
			sourceTree = "<group>";
		};
		C7CFD9861C9DA97D00DA7157 /* Products */ = {
			isa = PBXGroup;
			children = (
				C7CFD98D1C9DA97D00DA7157 /* libXlsxReaderWriter.a */,
				C7CFD98F1C9DA97D00DA7157 /* XlsxReaderWriterTests.xctest */,
				C7CFD9911C9DA97D00DA7157 /* XlsxReaderWriter.framework */,
			);
			name = Products;
			sourceTree = "<group>";
		};
		C7CFDA131C9E496200DA7157 /* framework */ = {
			isa = PBXGroup;
			children = (
				C7CFDA111C9E495A00DA7157 /* Security.framework */,
				C7CFDA0F1C9E495100DA7157 /* QuartzCore.framework */,
				C7CFDA0D1C9E48E800DA7157 /* DropboxSDK.framework */,
			);
			name = framework;
			sourceTree = "<group>";
		};
/* End PBXGroup section */

/* Begin PBXNativeTarget section */
		C7CC36E41C7AF17900B97149 /* basketBallRecorder */ = {
			isa = PBXNativeTarget;
			buildConfigurationList = C7CC37121C7AF17900B97149 /* Build configuration list for PBXNativeTarget "basketBallRecorder" */;
			buildPhases = (
				C7CC36E11C7AF17900B97149 /* Sources */,
				C7CC36E21C7AF17900B97149 /* Frameworks */,
				C7CC36E31C7AF17900B97149 /* Resources */,
			);
			buildRules = (
			);
			dependencies = (
				C7CFD9941C9DA98E00DA7157 /* PBXTargetDependency */,
			);
			name = basketBallRecorder;
			productName = basketBallRecorder;
			productReference = C7CC36E51C7AF17900B97149 /* basketBallRecorder.app */;
			productType = "com.apple.product-type.application";
		};
		C7CC36FD1C7AF17900B97149 /* basketBallRecorderTests */ = {
			isa = PBXNativeTarget;
			buildConfigurationList = C7CC37151C7AF17900B97149 /* Build configuration list for PBXNativeTarget "basketBallRecorderTests" */;
			buildPhases = (
				C7CC36FA1C7AF17900B97149 /* Sources */,
				C7CC36FB1C7AF17900B97149 /* Frameworks */,
				C7CC36FC1C7AF17900B97149 /* Resources */,
			);
			buildRules = (
			);
			dependencies = (
				C7CC37001C7AF17900B97149 /* PBXTargetDependency */,
			);
			name = basketBallRecorderTests;
			productName = basketBallRecorderTests;
			productReference = C7CC36FE1C7AF17900B97149 /* basketBallRecorderTests.xctest */;
			productType = "com.apple.product-type.bundle.unit-test";
		};
		C7CC37081C7AF17900B97149 /* basketBallRecorderUITests */ = {
			isa = PBXNativeTarget;
			buildConfigurationList = C7CC37181C7AF17900B97149 /* Build configuration list for PBXNativeTarget "basketBallRecorderUITests" */;
			buildPhases = (
				C7CC37051C7AF17900B97149 /* Sources */,
				C7CC37061C7AF17900B97149 /* Frameworks */,
				C7CC37071C7AF17900B97149 /* Resources */,
			);
			buildRules = (
			);
			dependencies = (
				C7CC370B1C7AF17900B97149 /* PBXTargetDependency */,
			);
			name = basketBallRecorderUITests;
			productName = basketBallRecorderUITests;
			productReference = C7CC37091C7AF17900B97149 /* basketBallRecorderUITests.xctest */;
			productType = "com.apple.product-type.bundle.ui-testing";
		};
/* End PBXNativeTarget section */

/* Begin PBXProject section */
		C7CC36DD1C7AF17900B97149 /* Project object */ = {
			isa = PBXProject;
			attributes = {
				LastUpgradeCheck = 0720;
				ORGANIZATIONNAME = "Lin Chih-An";
				TargetAttributes = {
					C7CC36E41C7AF17900B97149 = {
						CreatedOnToolsVersion = 7.2;
						DevelopmentTeam = KRGS5BKS3M;
					};
					C7CC36FD1C7AF17900B97149 = {
						CreatedOnToolsVersion = 7.2;
						TestTargetID = C7CC36E41C7AF17900B97149;
					};
					C7CC37081C7AF17900B97149 = {
						CreatedOnToolsVersion = 7.2;
						TestTargetID = C7CC36E41C7AF17900B97149;
					};
				};
			};
			buildConfigurationList = C7CC36E01C7AF17900B97149 /* Build configuration list for PBXProject "basketBallRecorder" */;
			compatibilityVersion = "Xcode 3.2";
			developmentRegion = English;
			hasScannedForEncodings = 0;
			knownRegions = (
				en,
				Base,
			);
			mainGroup = C7CC36DC1C7AF17900B97149;
			productRefGroup = C7CC36E61C7AF17900B97149 /* Products */;
			projectDirPath = "";
			projectReferences = (
				{
					ProductGroup = C7CFD9861C9DA97D00DA7157 /* Products */;
					ProjectRef = C7CFD9851C9DA97D00DA7157 /* XlsxReaderWriter.xcodeproj */;
				},
			);
			projectRoot = "";
			targets = (
				C7CC36E41C7AF17900B97149 /* basketBallRecorder */,
				C7CC36FD1C7AF17900B97149 /* basketBallRecorderTests */,
				C7CC37081C7AF17900B97149 /* basketBallRecorderUITests */,
			);
		};
/* End PBXProject section */

/* Begin PBXReferenceProxy section */
		C7CFD98D1C9DA97D00DA7157 /* libXlsxReaderWriter.a */ = {
			isa = PBXReferenceProxy;
			fileType = archive.ar;
			path = libXlsxReaderWriter.a;
			remoteRef = C7CFD98C1C9DA97D00DA7157 /* PBXContainerItemProxy */;
			sourceTree = BUILT_PRODUCTS_DIR;
		};
		C7CFD98F1C9DA97D00DA7157 /* XlsxReaderWriterTests.xctest */ = {
			isa = PBXReferenceProxy;
			fileType = wrapper.cfbundle;
			path = XlsxReaderWriterTests.xctest;
			remoteRef = C7CFD98E1C9DA97D00DA7157 /* PBXContainerItemProxy */;
			sourceTree = BUILT_PRODUCTS_DIR;
		};
		C7CFD9911C9DA97D00DA7157 /* XlsxReaderWriter.framework */ = {
			isa = PBXReferenceProxy;
			fileType = wrapper.framework;
			path = XlsxReaderWriter.framework;
			remoteRef = C7CFD9901C9DA97D00DA7157 /* PBXContainerItemProxy */;
			sourceTree = BUILT_PRODUCTS_DIR;
		};
/* End PBXReferenceProxy section */

/* Begin PBXResourcesBuildPhase section */
		C7CC36E31C7AF17900B97149 /* Resources */ = {
			isa = PBXResourcesBuildPhase;
			buildActionMask = 2147483647;
			files = (
				C7F5525A1C7C5066005CB9EC /* zone4-2.png in Resources */,
				C7F552591C7C5066005CB9EC /* zone3-2.png in Resources */,
				C7AB3CEC1C82B10D00DA23A6 /* tmp.plist in Resources */,
				C7F5525B1C7C5066005CB9EC /* zone5-2.png in Resources */,
				C7CC37391C7B7F1600B97149 /* zone6.png in Resources */,
				C7F552611C7C5066005CB9EC /* zone11-2.png in Resources */,
				C7F5525E1C7C5066005CB9EC /* zone8-2.png in Resources */,
				C7CC36F81C7AF17900B97149 /* LaunchScreen.storyboard in Resources */,
				C7CC37381C7B7F1600B97149 /* zone5.png in Resources */,
				C7CC373C1C7B7F1600B97149 /* zone9.png in Resources */,
				C7CC37321C7B7F1600B97149 /* zone1.png in Resources */,
				C7F5524F1C7C48BD005CB9EC /* zone2-2.png in Resources */,
				C7CC36F51C7AF17900B97149 /* Assets.xcassets in Resources */,
				C7F5525D1C7C5066005CB9EC /* zone7-2.png in Resources */,
				C7F5524B1C7B8320005CB9EC /* background.jpg in Resources */,
				C7CC37361C7B7F1600B97149 /* zone3.png in Resources */,
				C75BA2AD1D70AB8600DEC1BF /* spreadsheet_for_defense.xlsx in Resources */,
				C7CC37351C7B7F1600B97149 /* zone2.png in Resources */,
				C7CC373A1C7B7F1600B97149 /* zone7.png in Resources */,
				C7F5524E1C7C48BD005CB9EC /* zone1-2.png in Resources */,
				C7746DC91CBE25D50034F621 /* spreadsheet_for_offense.xlsx in Resources */,
				C7AB3CE81C7F5E2600DA23A6 /* leftArrow.png in Resources */,
				C7CC37331C7B7F1600B97149 /* zone10.png in Resources */,
				C7F5525F1C7C5066005CB9EC /* zone9-2.png in Resources */,
				C7CC373B1C7B7F1600B97149 /* zone8.png in Resources */,
				C7AB3CEA1C7F5E2600DA23A6 /* rightArrow.png in Resources */,
				C7F552601C7C5066005CB9EC /* zone10-2.png in Resources */,
				C7CC36F31C7AF17900B97149 /* Main.storyboard in Resources */,
				C74CEDD41D797D4D00B5E704 /* spreadsheet_for_timeLine.xlsx in Resources */,
				C7F5525C1C7C5066005CB9EC /* zone6-2.png in Resources */,
				C7CC37371C7B7F1600B97149 /* zone4.png in Resources */,
				C7CC37341C7B7F1600B97149 /* zone11.png in Resources */,
				C7AB3D4D1C85909D00DA23A6 /* record.plist in Resources */,
			);
			runOnlyForDeploymentPostprocessing = 0;
		};
		C7CC36FC1C7AF17900B97149 /* Resources */ = {
			isa = PBXResourcesBuildPhase;
			buildActionMask = 2147483647;
			files = (
			);
			runOnlyForDeploymentPostprocessing = 0;
		};
		C7CC37071C7AF17900B97149 /* Resources */ = {
			isa = PBXResourcesBuildPhase;
			buildActionMask = 2147483647;
			files = (
			);
			runOnlyForDeploymentPostprocessing = 0;
		};
/* End PBXResourcesBuildPhase section */

/* Begin PBXSourcesBuildPhase section */
		C7CC36E11C7AF17900B97149 /* Sources */ = {
			isa = PBXSourcesBuildPhase;
			buildActionMask = 2147483647;
			files = (
				C7CC36F01C7AF17900B97149 /* BBRLogViewController.m in Sources */,
				C768630D1CBCA730005074F3 /* BBRDropboxCheckViewController.m in Sources */,
				C7CC36ED1C7AF17900B97149 /* AppDelegate.m in Sources */,
				C7AB3D4B1C84835600DA23A6 /* BBRMenuViewController.m in Sources */,
				C74D79881D6EF18400624286 /* BBRDefenseViewController.m in Sources */,
				C7CC37221C7AFA5900B97149 /* BBRTableViewCell.m in Sources */,
				C7CC37251C7B4B8F00B97149 /* BBROffenseViewController.m in Sources */,
				C7CC36EA1C7AF17900B97149 /* main.m in Sources */,
			);
			runOnlyForDeploymentPostprocessing = 0;
		};
		C7CC36FA1C7AF17900B97149 /* Sources */ = {
			isa = PBXSourcesBuildPhase;
			buildActionMask = 2147483647;
			files = (
				C7CC37031C7AF17900B97149 /* basketBallRecorderTests.m in Sources */,
			);
			runOnlyForDeploymentPostprocessing = 0;
		};
		C7CC37051C7AF17900B97149 /* Sources */ = {
			isa = PBXSourcesBuildPhase;
			buildActionMask = 2147483647;
			files = (
				C7CC370E1C7AF17900B97149 /* basketBallRecorderUITests.m in Sources */,
			);
			runOnlyForDeploymentPostprocessing = 0;
		};
/* End PBXSourcesBuildPhase section */

/* Begin PBXTargetDependency section */
		C7CC37001C7AF17900B97149 /* PBXTargetDependency */ = {
			isa = PBXTargetDependency;
			target = C7CC36E41C7AF17900B97149 /* basketBallRecorder */;
			targetProxy = C7CC36FF1C7AF17900B97149 /* PBXContainerItemProxy */;
		};
		C7CC370B1C7AF17900B97149 /* PBXTargetDependency */ = {
			isa = PBXTargetDependency;
			target = C7CC36E41C7AF17900B97149 /* basketBallRecorder */;
			targetProxy = C7CC370A1C7AF17900B97149 /* PBXContainerItemProxy */;
		};
		C7CFD9941C9DA98E00DA7157 /* PBXTargetDependency */ = {
			isa = PBXTargetDependency;
			name = XlsxReaderWriter;
			targetProxy = C7CFD9931C9DA98E00DA7157 /* PBXContainerItemProxy */;
		};
/* End PBXTargetDependency section */

/* Begin PBXVariantGroup section */
		C7CC36F11C7AF17900B97149 /* Main.storyboard */ = {
			isa = PBXVariantGroup;
			children = (
				C7CC36F21C7AF17900B97149 /* Base */,
			);
			name = Main.storyboard;
			sourceTree = "<group>";
		};
		C7CC36F61C7AF17900B97149 /* LaunchScreen.storyboard */ = {
			isa = PBXVariantGroup;
			children = (
				C7CC36F71C7AF17900B97149 /* Base */,
			);
			name = LaunchScreen.storyboard;
			sourceTree = "<group>";
		};
/* End PBXVariantGroup section */

/* Begin XCBuildConfiguration section */
		C7CC37101C7AF17900B97149 /* Debug */ = {
			isa = XCBuildConfiguration;
			buildSettings = {
				ALWAYS_SEARCH_USER_PATHS = NO;
				CLANG_CXX_LANGUAGE_STANDARD = "gnu++0x";
				CLANG_CXX_LIBRARY = "libc++";
				CLANG_ENABLE_MODULES = YES;
				CLANG_ENABLE_OBJC_ARC = YES;
				CLANG_WARN_BOOL_CONVERSION = YES;
				CLANG_WARN_CONSTANT_CONVERSION = YES;
				CLANG_WARN_DIRECT_OBJC_ISA_USAGE = YES_ERROR;
				CLANG_WARN_EMPTY_BODY = YES;
				CLANG_WARN_ENUM_CONVERSION = YES;
				CLANG_WARN_INT_CONVERSION = YES;
				CLANG_WARN_OBJC_ROOT_CLASS = YES_ERROR;
				CLANG_WARN_UNREACHABLE_CODE = YES;
				CLANG_WARN__DUPLICATE_METHOD_MATCH = YES;
				"CODE_SIGN_IDENTITY[sdk=iphoneos*]" = "iPhone Developer";
				COPY_PHASE_STRIP = NO;
				DEBUG_INFORMATION_FORMAT = dwarf;
				ENABLE_STRICT_OBJC_MSGSEND = YES;
				ENABLE_TESTABILITY = YES;
				GCC_C_LANGUAGE_STANDARD = gnu99;
				GCC_DYNAMIC_NO_PIC = NO;
				GCC_NO_COMMON_BLOCKS = YES;
				GCC_OPTIMIZATION_LEVEL = 0;
				GCC_PREPROCESSOR_DEFINITIONS = (
					"DEBUG=1",
					"$(inherited)",
				);
				GCC_WARN_64_TO_32_BIT_CONVERSION = YES;
				GCC_WARN_ABOUT_RETURN_TYPE = YES_ERROR;
				GCC_WARN_UNDECLARED_SELECTOR = YES;
				GCC_WARN_UNINITIALIZED_AUTOS = YES_AGGRESSIVE;
				GCC_WARN_UNUSED_FUNCTION = YES;
				GCC_WARN_UNUSED_VARIABLE = YES;
				IPHONEOS_DEPLOYMENT_TARGET = 8.0;
				MTL_ENABLE_DEBUG_INFO = YES;
				ONLY_ACTIVE_ARCH = YES;
				SDKROOT = iphoneos;
				TARGETED_DEVICE_FAMILY = "1,2";
				USER_HEADER_SEARCH_PATHS = "$(SRCROOT)/XlsxReaderWriter/";
			};
			name = Debug;
		};
		C7CC37111C7AF17900B97149 /* Release */ = {
			isa = XCBuildConfiguration;
			buildSettings = {
				ALWAYS_SEARCH_USER_PATHS = NO;
				CLANG_CXX_LANGUAGE_STANDARD = "gnu++0x";
				CLANG_CXX_LIBRARY = "libc++";
				CLANG_ENABLE_MODULES = YES;
				CLANG_ENABLE_OBJC_ARC = YES;
				CLANG_WARN_BOOL_CONVERSION = YES;
				CLANG_WARN_CONSTANT_CONVERSION = YES;
				CLANG_WARN_DIRECT_OBJC_ISA_USAGE = YES_ERROR;
				CLANG_WARN_EMPTY_BODY = YES;
				CLANG_WARN_ENUM_CONVERSION = YES;
				CLANG_WARN_INT_CONVERSION = YES;
				CLANG_WARN_OBJC_ROOT_CLASS = YES_ERROR;
				CLANG_WARN_UNREACHABLE_CODE = YES;
				CLANG_WARN__DUPLICATE_METHOD_MATCH = YES;
				"CODE_SIGN_IDENTITY[sdk=iphoneos*]" = "iPhone Developer";
				COPY_PHASE_STRIP = NO;
				DEBUG_INFORMATION_FORMAT = "dwarf-with-dsym";
				ENABLE_NS_ASSERTIONS = NO;
				ENABLE_STRICT_OBJC_MSGSEND = YES;
				GCC_C_LANGUAGE_STANDARD = gnu99;
				GCC_NO_COMMON_BLOCKS = YES;
				GCC_WARN_64_TO_32_BIT_CONVERSION = YES;
				GCC_WARN_ABOUT_RETURN_TYPE = YES_ERROR;
				GCC_WARN_UNDECLARED_SELECTOR = YES;
				GCC_WARN_UNINITIALIZED_AUTOS = YES_AGGRESSIVE;
				GCC_WARN_UNUSED_FUNCTION = YES;
				GCC_WARN_UNUSED_VARIABLE = YES;
				IPHONEOS_DEPLOYMENT_TARGET = 8.0;
				MTL_ENABLE_DEBUG_INFO = NO;
				SDKROOT = iphoneos;
				TARGETED_DEVICE_FAMILY = "1,2";
				USER_HEADER_SEARCH_PATHS = "$(SRCROOT)/XlsxReaderWriter/";
				VALIDATE_PRODUCT = YES;
			};
			name = Release;
		};
		C7CC37131C7AF17900B97149 /* Debug */ = {
			isa = XCBuildConfiguration;
			buildSettings = {
				ALWAYS_SEARCH_USER_PATHS = YES;
				ASSETCATALOG_COMPILER_APPICON_NAME = AppIcon;
				CODE_SIGN_IDENTITY = "iPhone Developer";
				"CODE_SIGN_IDENTITY[sdk=iphoneos*]" = "iPhone Developer";
				ENABLE_BITCODE = NO;
				FRAMEWORK_SEARCH_PATHS = (
					"$(inherited)",
					"$(PROJECT_DIR)/dropbox-ios-sdk-1.3.13",
				);
				HEADER_SEARCH_PATHS = "";
				INFOPLIST_FILE = basketBallRecorder/Info.plist;
				LD_RUNPATH_SEARCH_PATHS = "$(inherited) @executable_path/Frameworks";
				OTHER_LDFLAGS = "-all_load";
				PRODUCT_BUNDLE_IDENTIFIER = org.linchihan.basketBallRecorder;
				PRODUCT_NAME = "$(TARGET_NAME)";
				PROVISIONING_PROFILE = "";
				SWIFT_OBJC_BRIDGING_HEADER = "$(SRCROOT)/basketBallRecorder/Header.h";
				USER_HEADER_SEARCH_PATHS = "$(SRCROOT)/XlsxReaderWriter/**";
				VALID_ARCHS = "arm64 armv7 arm7s";
			};
			name = Debug;
		};
		C7CC37141C7AF17900B97149 /* Release */ = {
			isa = XCBuildConfiguration;
			buildSettings = {
				ALWAYS_SEARCH_USER_PATHS = YES;
				ASSETCATALOG_COMPILER_APPICON_NAME = AppIcon;
				CODE_SIGN_IDENTITY = "iPhone Developer";
				"CODE_SIGN_IDENTITY[sdk=iphoneos*]" = "iPhone Developer";
				ENABLE_BITCODE = NO;
				FRAMEWORK_SEARCH_PATHS = (
					"$(inherited)",
					"$(PROJECT_DIR)/dropbox-ios-sdk-1.3.13",
				);
				HEADER_SEARCH_PATHS = "";
				INFOPLIST_FILE = basketBallRecorder/Info.plist;
				LD_RUNPATH_SEARCH_PATHS = "$(inherited) @executable_path/Frameworks";
				OTHER_LDFLAGS = "-all_load";
				PRODUCT_BUNDLE_IDENTIFIER = org.linchihan.basketBallRecorder;
				PRODUCT_NAME = "$(TARGET_NAME)";
				PROVISIONING_PROFILE = "";
				SWIFT_OBJC_BRIDGING_HEADER = "$(SRCROOT)/basketBallRecorder/Header.h";
				USER_HEADER_SEARCH_PATHS = "$(SRCROOT)/XlsxReaderWriter/**";
				VALID_ARCHS = "arm64 armv7 arm7s";
			};
			name = Release;
		};
		C7CC37161C7AF17900B97149 /* Debug */ = {
			isa = XCBuildConfiguration;
			buildSettings = {
				BUNDLE_LOADER = "$(TEST_HOST)";
				INFOPLIST_FILE = basketBallRecorderTests/Info.plist;
				LD_RUNPATH_SEARCH_PATHS = "$(inherited) @executable_path/Frameworks @loader_path/Frameworks";
				PRODUCT_BUNDLE_IDENTIFIER = org.linchihan.basketBallRecorderTests;
				PRODUCT_NAME = "$(TARGET_NAME)";
				TEST_HOST = "$(BUILT_PRODUCTS_DIR)/basketBallRecorder.app/basketBallRecorder";
			};
			name = Debug;
		};
		C7CC37171C7AF17900B97149 /* Release */ = {
			isa = XCBuildConfiguration;
			buildSettings = {
				BUNDLE_LOADER = "$(TEST_HOST)";
				INFOPLIST_FILE = basketBallRecorderTests/Info.plist;
				LD_RUNPATH_SEARCH_PATHS = "$(inherited) @executable_path/Frameworks @loader_path/Frameworks";
				PRODUCT_BUNDLE_IDENTIFIER = org.linchihan.basketBallRecorderTests;
				PRODUCT_NAME = "$(TARGET_NAME)";
				TEST_HOST = "$(BUILT_PRODUCTS_DIR)/basketBallRecorder.app/basketBallRecorder";
			};
			name = Release;
		};
		C7CC37191C7AF17900B97149 /* Debug */ = {
			isa = XCBuildConfiguration;
			buildSettings = {
				INFOPLIST_FILE = basketBallRecorderUITests/Info.plist;
				LD_RUNPATH_SEARCH_PATHS = "$(inherited) @executable_path/Frameworks @loader_path/Frameworks";
				PRODUCT_BUNDLE_IDENTIFIER = org.linchihan.basketBallRecorderUITests;
				PRODUCT_NAME = "$(TARGET_NAME)";
				TEST_TARGET_NAME = basketBallRecorder;
				USES_XCTRUNNER = YES;
			};
			name = Debug;
		};
		C7CC371A1C7AF17900B97149 /* Release */ = {
			isa = XCBuildConfiguration;
			buildSettings = {
				INFOPLIST_FILE = basketBallRecorderUITests/Info.plist;
				LD_RUNPATH_SEARCH_PATHS = "$(inherited) @executable_path/Frameworks @loader_path/Frameworks";
				PRODUCT_BUNDLE_IDENTIFIER = org.linchihan.basketBallRecorderUITests;
				PRODUCT_NAME = "$(TARGET_NAME)";
				TEST_TARGET_NAME = basketBallRecorder;
				USES_XCTRUNNER = YES;
			};
			name = Release;
		};
/* End XCBuildConfiguration section */

/* Begin XCConfigurationList section */
		C7CC36E01C7AF17900B97149 /* Build configuration list for PBXProject "basketBallRecorder" */ = {
			isa = XCConfigurationList;
			buildConfigurations = (
				C7CC37101C7AF17900B97149 /* Debug */,
				C7CC37111C7AF17900B97149 /* Release */,
			);
			defaultConfigurationIsVisible = 0;
			defaultConfigurationName = Release;
		};
		C7CC37121C7AF17900B97149 /* Build configuration list for PBXNativeTarget "basketBallRecorder" */ = {
			isa = XCConfigurationList;
			buildConfigurations = (
				C7CC37131C7AF17900B97149 /* Debug */,
				C7CC37141C7AF17900B97149 /* Release */,
			);
			defaultConfigurationIsVisible = 0;
			defaultConfigurationName = Release;
		};
		C7CC37151C7AF17900B97149 /* Build configuration list for PBXNativeTarget "basketBallRecorderTests" */ = {
			isa = XCConfigurationList;
			buildConfigurations = (
				C7CC37161C7AF17900B97149 /* Debug */,
				C7CC37171C7AF17900B97149 /* Release */,
			);
			defaultConfigurationIsVisible = 0;
			defaultConfigurationName = Release;
		};
		C7CC37181C7AF17900B97149 /* Build configuration list for PBXNativeTarget "basketBallRecorderUITests" */ = {
			isa = XCConfigurationList;
			buildConfigurations = (
				C7CC37191C7AF17900B97149 /* Debug */,
				C7CC371A1C7AF17900B97149 /* Release */,
			);
			defaultConfigurationIsVisible = 0;
			defaultConfigurationName = Release;
		};
/* End XCConfigurationList section */
	};
	rootObject = C7CC36DD1C7AF17900B97149 /* Project object */;
}
